<?xml version="1.0" encoding="utf-8"?>
<Project ToolsVersion="4.0" xmlns="http://schemas.microsoft.com/developer/msbuild/2003">
  <ItemGroup>
    <ClCompile Include="debugFont.cpp">
      <Filter>ソース</Filter>
    </ClCompile>
    <ClCompile Include="flyingObject.cpp">
      <Filter>ソース</Filter>
    </ClCompile>
    <ClCompile Include="game.cpp">
      <Filter>ソース</Filter>
    </ClCompile>
    <ClCompile Include="Input.cpp">
      <Filter>ソース</Filter>
    </ClCompile>
    <ClCompile Include="InputLogger.cpp">
      <Filter>ソース</Filter>
    </ClCompile>
    <ClCompile Include="judge.cpp">
      <Filter>ソース</Filter>
    </ClCompile>
    <ClCompile Include="keyboard.cpp">
      <Filter>ソース</Filter>
    </ClCompile>
    <ClCompile Include="main.cpp">
      <Filter>ソース</Filter>
    </ClCompile>
    <ClCompile Include="map.cpp">
      <Filter>ソース</Filter>
    </ClCompile>
    <ClCompile Include="mouse.cpp">
      <Filter>ソース</Filter>
    </ClCompile>
    <ClCompile Include="myd3d.cpp">
      <Filter>ソース</Filter>
    </ClCompile>
    <ClCompile Include="player.cpp">
      <Filter>ソース</Filter>
    </ClCompile>
    <ClCompile Include="sprite.cpp">
      <Filter>ソース</Filter>
    </ClCompile>
    <ClCompile Include="system_timer.cpp">
      <Filter>ソース</Filter>
    </ClCompile>
    <ClCompile Include="texture.cpp">
      <Filter>ソース</Filter>
    </ClCompile>
    <ClCompile Include="flyingObjectSponer.cpp">
      <Filter>ソース</Filter>
    </ClCompile>
    <ClCompile Include="gameSprite.cpp">
      <Filter>ソース</Filter>
    </ClCompile>
    <ClCompile Include="npc.cpp" />
  </ItemGroup>
  <ItemGroup>
    <ClInclude Include="config.h">
      <Filter>ヘッダー</Filter>
    </ClInclude>
    <ClInclude Include="debugFont.h">
      <Filter>ヘッダー</Filter>
    </ClInclude>
    <ClInclude Include="debugPrintf.h">
      <Filter>ヘッダー</Filter>
    </ClInclude>
    <ClInclude Include="flyingObject.h">
      <Filter>ヘッダー</Filter>
    </ClInclude>
    <ClInclude Include="game.h">
      <Filter>ヘッダー</Filter>
    </ClInclude>
    <ClInclude Include="Input.h">
      <Filter>ヘッダー</Filter>
    </ClInclude>
    <ClInclude Include="InputLogger.h">
      <Filter>ヘッダー</Filter>
    </ClInclude>
    <ClInclude Include="judge.h">
      <Filter>ヘッダー</Filter>
    </ClInclude>
    <ClInclude Include="keyboard.h">
      <Filter>ヘッダー</Filter>
    </ClInclude>
    <ClInclude Include="texture.h">
      <Filter>ヘッダー</Filter>
    </ClInclude>
    <ClInclude Include="system_timer.h">
      <Filter>ヘッダー</Filter>
    </ClInclude>
    <ClInclude Include="sprite.h">
      <Filter>ヘッダー</Filter>
    </ClInclude>
    <ClInclude Include="player.h">
      <Filter>ヘッダー</Filter>
    </ClInclude>
    <ClInclude Include="myd3d.h">
      <Filter>ヘッダー</Filter>
    </ClInclude>
    <ClInclude Include="map.h">
      <Filter>ヘッダー</Filter>
    </ClInclude>
    <ClInclude Include="mouse.h">
      <Filter>ヘッダー</Filter>
    </ClInclude>
    <ClInclude Include="flyingObjectSponer.h">
      <Filter>ヘッダー</Filter>
    </ClInclude>
    <ClInclude Include="gameSrite.h">
      <Filter>ヘッダー</Filter>
    </ClInclude>
    <ClInclude Include="npc.h" />
  </ItemGroup>
  <ItemGroup>
    <Filter Include="ヘッダー">
      <UniqueIdentifier>{0ffb9820-175d-4545-9042-81161b578943}</UniqueIdentifier>
    </Filter>
    <Filter Include="ソース">
      <UniqueIdentifier>{f1e264d4-926f-4ab4-b738-751ce1a20933}</UniqueIdentifier>
    </Filter>
  </ItemGroup>
</Project>