<?xml version="1.0" encoding="utf-8"?>
<Project ToolsVersion="4.0" xmlns="http://schemas.microsoft.com/developer/msbuild/2003">
  <ItemGroup>
    <ClCompile Include="game.cpp">
      <Filter>cpp\scenes\game</Filter>
    </ClCompile>
    <ClCompile Include="flyingObjectSponer.cpp">
      <Filter>cpp\scenes\game</Filter>
    </ClCompile>
    <ClCompile Include="flyingObject.cpp">
      <Filter>cpp\scenes\game</Filter>
    </ClCompile>
    <ClCompile Include="gameSprite.cpp">
      <Filter>cpp\scenes\game</Filter>
    </ClCompile>
    <ClCompile Include="Input.cpp">
      <Filter>cpp\scenes\game</Filter>
    </ClCompile>
    <ClCompile Include="judge.cpp">
      <Filter>cpp\scenes\game</Filter>
    </ClCompile>
    <ClCompile Include="map.cpp">
      <Filter>cpp\scenes\game</Filter>
    </ClCompile>
    <ClCompile Include="npc.cpp">
      <Filter>cpp\scenes\game</Filter>
    </ClCompile>
    <ClCompile Include="player.cpp">
      <Filter>cpp\scenes\game</Filter>
    </ClCompile>
    <ClCompile Include="trans.cpp">
      <Filter>cpp\scenes\game</Filter>
    </ClCompile>
    <ClCompile Include="InputLogger.cpp">
      <Filter>cpp\others</Filter>
    </ClCompile>
    <ClCompile Include="keyboard.cpp">
      <Filter>cpp\others</Filter>
    </ClCompile>
    <ClCompile Include="mouse.cpp">
      <Filter>cpp\others</Filter>
    </ClCompile>
    <ClCompile Include="myd3d.cpp">
      <Filter>cpp\others</Filter>
    </ClCompile>
    <ClCompile Include="sprite.cpp">
      <Filter>cpp\others</Filter>
    </ClCompile>
    <ClCompile Include="system_timer.cpp">
      <Filter>cpp\others</Filter>
    </ClCompile>
    <ClCompile Include="texture.cpp">
      <Filter>cpp\others</Filter>
    </ClCompile>
    <ClCompile Include="debugFont.cpp">
      <Filter>cpp\debug</Filter>
    </ClCompile>
    <ClCompile Include="sceneManager.cpp">
      <Filter>cpp\scenes</Filter>
    </ClCompile>
    <ClCompile Include="gameStart.cpp">
      <Filter>cpp\scenes</Filter>
    </ClCompile>
    <ClCompile Include="gameOver.cpp">
      <Filter>cpp\scenes</Filter>
    </ClCompile>
    <ClCompile Include="gameClear.cpp">
      <Filter>cpp\scenes</Filter>
    </ClCompile>
    <ClCompile Include="main.cpp">
      <Filter>cpp</Filter>
    </ClCompile>
    <ClCompile Include="selectButton.cpp">
      <Filter>cpp\scenes</Filter>
    </ClCompile>
    <ClCompile Include="time.cpp">
      <Filter>cpp\others</Filter>
    </ClCompile>
    <ClCompile Include="font.cpp">
      <Filter>cpp\others</Filter>
    </ClCompile>
    <ClCompile Include="highlight.cpp">
      <Filter>cpp\others</Filter>
    </ClCompile>
    <ClCompile Include="messeagebox.cpp">
      <Filter>cpp\others</Filter>
    </ClCompile>
    <ClCompile Include="enterBottonSprite.cpp">
      <Filter>cpp\others</Filter>
    </ClCompile>
    <ClCompile Include="tutorial.cpp">
      <Filter>cpp\scenes</Filter>
    </ClCompile>
    <ClCompile Include="messeage.cpp">
      <Filter>cpp\others</Filter>
    </ClCompile>
    <ClCompile Include="gamepad.cpp">
      <Filter>cpp\others</Filter>
    </ClCompile>
    <ClCompile Include="mapEditor.cpp">
      <Filter>cpp\scenes\stageEditor</Filter>
    </ClCompile>
    <ClCompile Include="stageEditor.cpp">
      <Filter>cpp\scenes\stageEditor</Filter>
    </ClCompile>
    <ClCompile Include="importExport.cpp">
      <Filter>cpp\scenes\game</Filter>
    </ClCompile>
    <ClCompile Include="flyingObjectEditor.cpp">
      <Filter>cpp\scenes\stageEditor</Filter>
    </ClCompile>
    <ClCompile Include="stageSelect.cpp">
      <Filter>cpp\scenes</Filter>
    </ClCompile>
    <ClCompile Include="stageInfo.cpp">
      <Filter>cpp\scenes</Filter>
    </ClCompile>
  </ItemGroup>
  <ItemGroup>
    <ClInclude Include="gameClear.h">
      <Filter>ヘッダー\scenes</Filter>
    </ClInclude>
    <ClInclude Include="gameOver.h">
      <Filter>ヘッダー\scenes</Filter>
    </ClInclude>
    <ClInclude Include="gameStart.h">
      <Filter>ヘッダー\scenes</Filter>
    </ClInclude>
    <ClInclude Include="game.h">
      <Filter>ヘッダー\scenes\game</Filter>
    </ClInclude>
    <ClInclude Include="gameSrite.h">
      <Filter>ヘッダー\scenes\game</Filter>
    </ClInclude>
    <ClInclude Include="Input.h">
      <Filter>ヘッダー\scenes\game</Filter>
    </ClInclude>
    <ClInclude Include="map.h">
      <Filter>ヘッダー\scenes\game</Filter>
    </ClInclude>
    <ClInclude Include="judge.h">
      <Filter>ヘッダー\scenes\game</Filter>
    </ClInclude>
    <ClInclude Include="npc.h">
      <Filter>ヘッダー\scenes\game</Filter>
    </ClInclude>
    <ClInclude Include="player.h">
      <Filter>ヘッダー\scenes\game</Filter>
    </ClInclude>
    <ClInclude Include="trans.h">
      <Filter>ヘッダー\scenes\game</Filter>
    </ClInclude>
    <ClInclude Include="flyingObjectSponer.h">
      <Filter>ヘッダー\scenes\game</Filter>
    </ClInclude>
    <ClInclude Include="flyingObject.h">
      <Filter>ヘッダー\scenes\game</Filter>
    </ClInclude>
    <ClInclude Include="debugFont.h">
      <Filter>ヘッダー\debug</Filter>
    </ClInclude>
    <ClInclude Include="debugPrintf.h">
      <Filter>ヘッダー\debug</Filter>
    </ClInclude>
    <ClInclude Include="config.h">
      <Filter>ヘッダー\others</Filter>
    </ClInclude>
    <ClInclude Include="texture.h">
      <Filter>ヘッダー\others</Filter>
    </ClInclude>
    <ClInclude Include="system_timer.h">
      <Filter>ヘッダー\others</Filter>
    </ClInclude>
    <ClInclude Include="sprite.h">
      <Filter>ヘッダー\others</Filter>
    </ClInclude>
    <ClInclude Include="myd3d.h">
      <Filter>ヘッダー\others</Filter>
    </ClInclude>
    <ClInclude Include="mouse.h">
      <Filter>ヘッダー\others</Filter>
    </ClInclude>
    <ClInclude Include="keyboard.h">
      <Filter>ヘッダー\others</Filter>
    </ClInclude>
    <ClInclude Include="InputLogger.h">
      <Filter>ヘッダー\others</Filter>
    </ClInclude>
    <ClInclude Include="sceneManager.h">
      <Filter>ヘッダー\scenes</Filter>
    </ClInclude>
    <ClInclude Include="selectButton.h">
      <Filter>ヘッダー\scenes</Filter>
    </ClInclude>
    <ClInclude Include="time.h">
      <Filter>ヘッダー\others</Filter>
    </ClInclude>
    <ClInclude Include="font.h">
      <Filter>ヘッダー\others</Filter>
    </ClInclude>
    <ClInclude Include="highlight.h">
      <Filter>ヘッダー\others</Filter>
    </ClInclude>
    <ClInclude Include="messeagebox.h">
      <Filter>ヘッダー\others</Filter>
    </ClInclude>
    <ClInclude Include="enterBottonSprite.h">
      <Filter>ヘッダー\others</Filter>
    </ClInclude>
    <ClInclude Include="tutorial.h">
      <Filter>ヘッダー\scenes</Filter>
    </ClInclude>
    <ClInclude Include="messeage.h">
      <Filter>ヘッダー\others</Filter>
    </ClInclude>
    <ClInclude Include="gamepad.h">
      <Filter>ヘッダー\others</Filter>
    </ClInclude>
    <ClInclude Include="bitFlagsScopedEnum.h">
      <Filter>ヘッダー\others</Filter>
    </ClInclude>
    <ClInclude Include="mapEditor.h">
      <Filter>ヘッダー\scenes\stageEditor</Filter>
    </ClInclude>
    <ClInclude Include="stageEditor.h">
      <Filter>ヘッダー\scenes\stageEditor</Filter>
    </ClInclude>
    <ClInclude Include="importExport.h">
      <Filter>ヘッダー\scenes\game</Filter>
    </ClInclude>
    <ClInclude Include="flyingObjectEditor.h">
      <Filter>ヘッダー\scenes\stageEditor</Filter>
    </ClInclude>
    <ClInclude Include="stageSelect.h">
      <Filter>ヘッダー\scenes</Filter>
    </ClInclude>
    <ClInclude Include="stageInfo.h">
      <Filter>ヘッダー\scenes</Filter>
    </ClInclude>
  </ItemGroup>
  <ItemGroup>
    <Filter Include="ヘッダー">
      <UniqueIdentifier>{58eaf24a-14c4-4978-bbfc-63a7b0e49c9c}</UniqueIdentifier>
    </Filter>
    <Filter Include="cpp">
      <UniqueIdentifier>{5ec69f22-e4e7-4702-a854-c29a6f2255ed}</UniqueIdentifier>
    </Filter>
    <Filter Include="cpp\scenes">
      <UniqueIdentifier>{6124cdc6-e7b9-42a2-89ba-4d555062482f}</UniqueIdentifier>
    </Filter>
    <Filter Include="ヘッダー\scenes">
      <UniqueIdentifier>{27f9ce1f-2060-48cc-bc96-7777b341a57f}</UniqueIdentifier>
    </Filter>
    <Filter Include="ヘッダー\scenes\game">
      <UniqueIdentifier>{02a56934-0dcf-4f2a-ba1f-15623eb68337}</UniqueIdentifier>
    </Filter>
    <Filter Include="cpp\others">
      <UniqueIdentifier>{7ca50487-8968-4e85-8f25-88ea248a78bb}</UniqueIdentifier>
    </Filter>
    <Filter Include="cpp\debug">
      <UniqueIdentifier>{d8eef095-5904-4fc1-ae97-5236ea4de93e}</UniqueIdentifier>
    </Filter>
    <Filter Include="cpp\scenes\game">
      <UniqueIdentifier>{10c5fd01-89c8-4a74-95fa-3e9a8eb3f976}</UniqueIdentifier>
    </Filter>
    <Filter Include="ヘッダー\debug">
      <UniqueIdentifier>{00435ddc-7104-4c32-8aae-1a634f9b104f}</UniqueIdentifier>
    </Filter>
    <Filter Include="ヘッダー\others">
      <UniqueIdentifier>{e9f5fb84-d649-4d2c-9bd0-d14d69acc49f}</UniqueIdentifier>
    </Filter>
    <Filter Include="ヘッダー\scenes\stageEditor">
      <UniqueIdentifier>{8894e286-62c5-4ddc-aa2e-daa6af255e41}</UniqueIdentifier>
    </Filter>
    <Filter Include="cpp\scenes\stageEditor">
      <UniqueIdentifier>{ccad7b26-5141-4836-92f4-f423fb105c04}</UniqueIdentifier>
    </Filter>
  </ItemGroup>
  <ItemGroup>
    <None Include=".editorconfig" />
  </ItemGroup>
</Project>